// !$*UTF8*$!
{
	archiveVersion = 1;
	classes = {
	};
	objectVersion = 46;
	objects = {

/* Begin PBXBuildFile section */
		4327CFA98FD9CD24C632D894 /* Pods_ReignDesignApp.framework in Frameworks */ = {isa = PBXBuildFile; fileRef = DA3ED1C0E4D70CDBFCD4F070 /* Pods_ReignDesignApp.framework */; };
		5866145B1F5C73F20026E961 /* AppDelegate.swift in Sources */ = {isa = PBXBuildFile; fileRef = 5866145A1F5C73F20026E961 /* AppDelegate.swift */; };
		586614631F5C73F20026E961 /* ReignDesignApp.xcdatamodeld in Sources */ = {isa = PBXBuildFile; fileRef = 586614611F5C73F20026E961 /* ReignDesignApp.xcdatamodeld */; };
		586614651F5C73F20026E961 /* Assets.xcassets in Resources */ = {isa = PBXBuildFile; fileRef = 586614641F5C73F20026E961 /* Assets.xcassets */; };
		586614681F5C73F20026E961 /* LaunchScreen.storyboard in Resources */ = {isa = PBXBuildFile; fileRef = 586614661F5C73F20026E961 /* LaunchScreen.storyboard */; };
		58B97A3A1F5CB12A0004420B /* UtilityManager.swift in Sources */ = {isa = PBXBuildFile; fileRef = 58B97A391F5CB12A0004420B /* UtilityManager.swift */; };
		58B97A3C1F5CB8990004420B /* ServerManager.swift in Sources */ = {isa = PBXBuildFile; fileRef = 58B97A3B1F5CB8990004420B /* ServerManager.swift */; };
		58B97A3F1F5CCC3C0004420B /* Post.swift in Sources */ = {isa = PBXBuildFile; fileRef = 58B97A3E1F5CCC3C0004420B /* Post.swift */; };
		58B97A411F5CD4CB0004420B /* PostListViewController.swift in Sources */ = {isa = PBXBuildFile; fileRef = 58B97A401F5CD4CB0004420B /* PostListViewController.swift */; };
		58B97A441F5D19360004420B /* PostListTableViewCell.swift in Sources */ = {isa = PBXBuildFile; fileRef = 58B97A431F5D19360004420B /* PostListTableViewCell.swift */; };
		58B97A461F5D3CE60004420B /* ShowingWebViewViewController.swift in Sources */ = {isa = PBXBuildFile; fileRef = 58B97A451F5D3CE60004420B /* ShowingWebViewViewController.swift */; };
/* End PBXBuildFile section */

/* Begin PBXFileReference section */
		1FD4398B3640633B92795478 /* Pods-ReignDesignApp.debug.xcconfig */ = {isa = PBXFileReference; includeInIndex = 1; lastKnownFileType = text.xcconfig; name = "Pods-ReignDesignApp.debug.xcconfig"; path = "Pods/Target Support Files/Pods-ReignDesignApp/Pods-ReignDesignApp.debug.xcconfig"; sourceTree = "<group>"; };
		586614571F5C73F20026E961 /* ReignDesignApp.app */ = {isa = PBXFileReference; explicitFileType = wrapper.application; includeInIndex = 0; path = ReignDesignApp.app; sourceTree = BUILT_PRODUCTS_DIR; };
		5866145A1F5C73F20026E961 /* AppDelegate.swift */ = {isa = PBXFileReference; lastKnownFileType = sourcecode.swift; path = AppDelegate.swift; sourceTree = "<group>"; };
		586614621F5C73F20026E961 /* ReignDesignApp.xcdatamodel */ = {isa = PBXFileReference; lastKnownFileType = wrapper.xcdatamodel; path = ReignDesignApp.xcdatamodel; sourceTree = "<group>"; };
		586614641F5C73F20026E961 /* Assets.xcassets */ = {isa = PBXFileReference; lastKnownFileType = folder.assetcatalog; path = Assets.xcassets; sourceTree = "<group>"; };
		586614671F5C73F20026E961 /* Base */ = {isa = PBXFileReference; lastKnownFileType = file.storyboard; name = Base; path = Base.lproj/LaunchScreen.storyboard; sourceTree = "<group>"; };
		586614691F5C73F20026E961 /* Info.plist */ = {isa = PBXFileReference; lastKnownFileType = text.plist.xml; path = Info.plist; sourceTree = "<group>"; };
		58B97A391F5CB12A0004420B /* UtilityManager.swift */ = {isa = PBXFileReference; fileEncoding = 4; lastKnownFileType = sourcecode.swift; path = UtilityManager.swift; sourceTree = "<group>"; };
		58B97A3B1F5CB8990004420B /* ServerManager.swift */ = {isa = PBXFileReference; fileEncoding = 4; lastKnownFileType = sourcecode.swift; path = ServerManager.swift; sourceTree = "<group>"; };
		58B97A3E1F5CCC3C0004420B /* Post.swift */ = {isa = PBXFileReference; fileEncoding = 4; lastKnownFileType = sourcecode.swift; path = Post.swift; sourceTree = "<group>"; };
		58B97A401F5CD4CB0004420B /* PostListViewController.swift */ = {isa = PBXFileReference; fileEncoding = 4; lastKnownFileType = sourcecode.swift; path = PostListViewController.swift; sourceTree = "<group>"; };
		58B97A431F5D19360004420B /* PostListTableViewCell.swift */ = {isa = PBXFileReference; fileEncoding = 4; lastKnownFileType = sourcecode.swift; path = PostListTableViewCell.swift; sourceTree = "<group>"; };
		58B97A451F5D3CE60004420B /* ShowingWebViewViewController.swift */ = {isa = PBXFileReference; fileEncoding = 4; lastKnownFileType = sourcecode.swift; path = ShowingWebViewViewController.swift; sourceTree = "<group>"; };
		C0307C34D18401C560E20EA3 /* Pods-ReignDesignApp.release.xcconfig */ = {isa = PBXFileReference; includeInIndex = 1; lastKnownFileType = text.xcconfig; name = "Pods-ReignDesignApp.release.xcconfig"; path = "Pods/Target Support Files/Pods-ReignDesignApp/Pods-ReignDesignApp.release.xcconfig"; sourceTree = "<group>"; };
		DA3ED1C0E4D70CDBFCD4F070 /* Pods_ReignDesignApp.framework */ = {isa = PBXFileReference; explicitFileType = wrapper.framework; includeInIndex = 0; path = Pods_ReignDesignApp.framework; sourceTree = BUILT_PRODUCTS_DIR; };
/* End PBXFileReference section */

/* Begin PBXFrameworksBuildPhase section */
		586614541F5C73F20026E961 /* Frameworks */ = {
			isa = PBXFrameworksBuildPhase;
			buildActionMask = 2147483647;
			files = (
				4327CFA98FD9CD24C632D894 /* Pods_ReignDesignApp.framework in Frameworks */,
			);
			runOnlyForDeploymentPostprocessing = 0;
		};
/* End PBXFrameworksBuildPhase section */

/* Begin PBXGroup section */
		5866144E1F5C73F20026E961 = {
			isa = PBXGroup;
			children = (
				586614591F5C73F20026E961 /* ReignDesignApp */,
				586614581F5C73F20026E961 /* Products */,
				DA5DA14DFEA89327D1453A21 /* Pods */,
				C74A4F199C18A171CABA430F /* Frameworks */,
			);
			sourceTree = "<group>";
		};
		586614581F5C73F20026E961 /* Products */ = {
			isa = PBXGroup;
			children = (
				586614571F5C73F20026E961 /* ReignDesignApp.app */,
			);
			name = Products;
			sourceTree = "<group>";
		};
		586614591F5C73F20026E961 /* ReignDesignApp */ = {
			isa = PBXGroup;
			children = (
				5866145A1F5C73F20026E961 /* AppDelegate.swift */,
				58B97A401F5CD4CB0004420B /* PostListViewController.swift */,
				58B97A451F5D3CE60004420B /* ShowingWebViewViewController.swift */,
				58B97A421F5D19060004420B /* Views */,
				58B97A381F5CB1020004420B /* Managers */,
				58B97A3D1F5CCB910004420B /* Models */,
				586614641F5C73F20026E961 /* Assets.xcassets */,
				586614661F5C73F20026E961 /* LaunchScreen.storyboard */,
				586614691F5C73F20026E961 /* Info.plist */,
				586614611F5C73F20026E961 /* ReignDesignApp.xcdatamodeld */,
			);
			path = ReignDesignApp;
			sourceTree = "<group>";
		};
		58B97A381F5CB1020004420B /* Managers */ = {
			isa = PBXGroup;
			children = (
				58B97A391F5CB12A0004420B /* UtilityManager.swift */,
				58B97A3B1F5CB8990004420B /* ServerManager.swift */,
			);
			name = Managers;
			sourceTree = "<group>";
		};
		58B97A3D1F5CCB910004420B /* Models */ = {
			isa = PBXGroup;
			children = (
				58B97A3E1F5CCC3C0004420B /* Post.swift */,
			);
			name = Models;
			sourceTree = "<group>";
		};
		58B97A421F5D19060004420B /* Views */ = {
			isa = PBXGroup;
			children = (
				58B97A431F5D19360004420B /* PostListTableViewCell.swift */,
			);
			name = Views;
			sourceTree = "<group>";
		};
		C74A4F199C18A171CABA430F /* Frameworks */ = {
			isa = PBXGroup;
			children = (
				DA3ED1C0E4D70CDBFCD4F070 /* Pods_ReignDesignApp.framework */,
			);
			name = Frameworks;
			sourceTree = "<group>";
		};
		DA5DA14DFEA89327D1453A21 /* Pods */ = {
			isa = PBXGroup;
			children = (
				1FD4398B3640633B92795478 /* Pods-ReignDesignApp.debug.xcconfig */,
				C0307C34D18401C560E20EA3 /* Pods-ReignDesignApp.release.xcconfig */,
			);
			name = Pods;
			sourceTree = "<group>";
		};
/* End PBXGroup section */

/* Begin PBXNativeTarget section */
		586614561F5C73F20026E961 /* ReignDesignApp */ = {
			isa = PBXNativeTarget;
			buildConfigurationList = 5866146C1F5C73F20026E961 /* Build configuration list for PBXNativeTarget "ReignDesignApp" */;
			buildPhases = (
				291CBD48CE72EBFBB0F3FBA4 /* [CP] Check Pods Manifest.lock */,
				586614531F5C73F20026E961 /* Sources */,
				586614541F5C73F20026E961 /* Frameworks */,
				586614551F5C73F20026E961 /* Resources */,
				2AEEE0041DA9BF53574449EB /* [CP] Embed Pods Frameworks */,
				CCA61F9AD2F2BBCD57F8D819 /* [CP] Copy Pods Resources */,
			);
			buildRules = (
			);
			dependencies = (
			);
			name = ReignDesignApp;
			productName = ReignDesignApp;
			productReference = 586614571F5C73F20026E961 /* ReignDesignApp.app */;
			productType = "com.apple.product-type.application";
		};
/* End PBXNativeTarget section */

/* Begin PBXProject section */
		5866144F1F5C73F20026E961 /* Project object */ = {
			isa = PBXProject;
			attributes = {
				LastSwiftUpdateCheck = 0820;
				LastUpgradeCheck = 0820;
				ORGANIZATIONNAME = IsraelGutierrez;
				TargetAttributes = {
					586614561F5C73F20026E961 = {
						CreatedOnToolsVersion = 8.2.1;
						DevelopmentTeam = SSVR943U99;
						ProvisioningStyle = Automatic;
					};
				};
			};
			buildConfigurationList = 586614521F5C73F20026E961 /* Build configuration list for PBXProject "ReignDesignApp" */;
			compatibilityVersion = "Xcode 3.2";
			developmentRegion = English;
			hasScannedForEncodings = 0;
			knownRegions = (
				en,
				Base,
			);
			mainGroup = 5866144E1F5C73F20026E961;
			productRefGroup = 586614581F5C73F20026E961 /* Products */;
			projectDirPath = "";
			projectRoot = "";
			targets = (
				586614561F5C73F20026E961 /* ReignDesignApp */,
			);
		};
/* End PBXProject section */

/* Begin PBXResourcesBuildPhase section */
		586614551F5C73F20026E961 /* Resources */ = {
			isa = PBXResourcesBuildPhase;
			buildActionMask = 2147483647;
			files = (
				586614681F5C73F20026E961 /* LaunchScreen.storyboard in Resources */,
				586614651F5C73F20026E961 /* Assets.xcassets in Resources */,
			);
			runOnlyForDeploymentPostprocessing = 0;
		};
/* End PBXResourcesBuildPhase section */

/* Begin PBXShellScriptBuildPhase section */
		291CBD48CE72EBFBB0F3FBA4 /* [CP] Check Pods Manifest.lock */ = {
			isa = PBXShellScriptBuildPhase;
			buildActionMask = 2147483647;
			files = (
			);
			inputPaths = (
			);
			name = "[CP] Check Pods Manifest.lock";
			outputPaths = (
			);
			runOnlyForDeploymentPostprocessing = 0;
			shellPath = /bin/sh;
			shellScript = "diff \"${PODS_ROOT}/../Podfile.lock\" \"${PODS_ROOT}/Manifest.lock\" > /dev/null\nif [ $? != 0 ] ; then\n    # print error to STDERR\n    echo \"error: The sandbox is not in sync with the Podfile.lock. Run 'pod install' or update your CocoaPods installation.\" >&2\n    exit 1\nfi\n";
			showEnvVarsInLog = 0;
		};
		2AEEE0041DA9BF53574449EB /* [CP] Embed Pods Frameworks */ = {
			isa = PBXShellScriptBuildPhase;
			buildActionMask = 2147483647;
			files = (
			);
			inputPaths = (
			);
			name = "[CP] Embed Pods Frameworks";
			outputPaths = (
			);
			runOnlyForDeploymentPostprocessing = 0;
			shellPath = /bin/sh;
			shellScript = "\"${SRCROOT}/Pods/Target Support Files/Pods-ReignDesignApp/Pods-ReignDesignApp-frameworks.sh\"\n";
			showEnvVarsInLog = 0;
		};
		CCA61F9AD2F2BBCD57F8D819 /* [CP] Copy Pods Resources */ = {
			isa = PBXShellScriptBuildPhase;
			buildActionMask = 2147483647;
			files = (
			);
			inputPaths = (
			);
			name = "[CP] Copy Pods Resources";
			outputPaths = (
			);
			runOnlyForDeploymentPostprocessing = 0;
			shellPath = /bin/sh;
			shellScript = "\"${SRCROOT}/Pods/Target Support Files/Pods-ReignDesignApp/Pods-ReignDesignApp-resources.sh\"\n";
			showEnvVarsInLog = 0;
		};
/* End PBXShellScriptBuildPhase section */

/* Begin PBXSourcesBuildPhase section */
		586614531F5C73F20026E961 /* Sources */ = {
			isa = PBXSourcesBuildPhase;
			buildActionMask = 2147483647;
			files = (
				58B97A411F5CD4CB0004420B /* PostListViewController.swift in Sources */,
				58B97A3C1F5CB8990004420B /* ServerManager.swift in Sources */,
				586614631F5C73F20026E961 /* ReignDesignApp.xcdatamodeld in Sources */,
				58B97A441F5D19360004420B /* PostListTableViewCell.swift in Sources */,
				58B97A461F5D3CE60004420B /* ShowingWebViewViewController.swift in Sources */,
				58B97A3F1F5CCC3C0004420B /* Post.swift in Sources */,
				58B97A3A1F5CB12A0004420B /* UtilityManager.swift in Sources */,
				5866145B1F5C73F20026E961 /* AppDelegate.swift in Sources */,
			);
			runOnlyForDeploymentPostprocessing = 0;
		};
/* End PBXSourcesBuildPhase section */

/* Begin PBXVariantGroup section */
		586614661F5C73F20026E961 /* LaunchScreen.storyboard */ = {
			isa = PBXVariantGroup;
			children = (
				586614671F5C73F20026E961 /* Base */,
			);
			name = LaunchScreen.storyboard;
			sourceTree = "<group>";
		};
/* End PBXVariantGroup section */

/* Begin XCBuildConfiguration section */
		5866146A1F5C73F20026E961 /* Debug */ = {
			isa = XCBuildConfiguration;
			buildSettings = {
				ALWAYS_SEARCH_USER_PATHS = NO;
				CLANG_ANALYZER_NONNULL = YES;
				CLANG_CXX_LANGUAGE_STANDARD = "gnu++0x";
				CLANG_CXX_LIBRARY = "libc++";
				CLANG_ENABLE_MODULES = YES;
				CLANG_ENABLE_OBJC_ARC = YES;
				CLANG_WARN_BOOL_CONVERSION = YES;
				CLANG_WARN_CONSTANT_CONVERSION = YES;
				CLANG_WARN_DIRECT_OBJC_ISA_USAGE = YES_ERROR;
				CLANG_WARN_DOCUMENTATION_COMMENTS = YES;
				CLANG_WARN_EMPTY_BODY = YES;
				CLANG_WARN_ENUM_CONVERSION = YES;
				CLANG_WARN_INFINITE_RECURSION = YES;
				CLANG_WARN_INT_CONVERSION = YES;
				CLANG_WARN_OBJC_ROOT_CLASS = YES_ERROR;
				CLANG_WARN_SUSPICIOUS_MOVE = YES;
				CLANG_WARN_UNREACHABLE_CODE = YES;
				CLANG_WARN__DUPLICATE_METHOD_MATCH = YES;
				"CODE_SIGN_IDENTITY[sdk=iphoneos*]" = "iPhone Developer";
				COPY_PHASE_STRIP = NO;
				DEBUG_INFORMATION_FORMAT = dwarf;
				ENABLE_STRICT_OBJC_MSGSEND = YES;
				ENABLE_TESTABILITY = YES;
				GCC_C_LANGUAGE_STANDARD = gnu99;
				GCC_DYNAMIC_NO_PIC = NO;
				GCC_NO_COMMON_BLOCKS = YES;
				GCC_OPTIMIZATION_LEVEL = 0;
				GCC_PREPROCESSOR_DEFINITIONS = (
					"DEBUG=1",
					"$(inherited)",
				);
				GCC_WARN_64_TO_32_BIT_CONVERSION = YES;
				GCC_WARN_ABOUT_RETURN_TYPE = YES_ERROR;
				GCC_WARN_UNDECLARED_SELECTOR = YES;
				GCC_WARN_UNINITIALIZED_AUTOS = YES_AGGRESSIVE;
				GCC_WARN_UNUSED_FUNCTION = YES;
				GCC_WARN_UNUSED_VARIABLE = YES;
				IPHONEOS_DEPLOYMENT_TARGET = 10.2;
				MTL_ENABLE_DEBUG_INFO = YES;
				ONLY_ACTIVE_ARCH = YES;
				SDKROOT = iphoneos;
				SWIFT_ACTIVE_COMPILATION_CONDITIONS = DEBUG;
				SWIFT_OPTIMIZATION_LEVEL = "-Onone";
				TARGETED_DEVICE_FAMILY = "1,2";
			};
			name = Debug;
		};
		5866146B1F5C73F20026E961 /* Release */ = {
			isa = XCBuildConfiguration;
			buildSettings = {
				ALWAYS_SEARCH_USER_PATHS = NO;
				CLANG_ANALYZER_NONNULL = YES;
				CLANG_CXX_LANGUAGE_STANDARD = "gnu++0x";
				CLANG_CXX_LIBRARY = "libc++";
				CLANG_ENABLE_MODULES = YES;
				CLANG_ENABLE_OBJC_ARC = YES;
				CLANG_WARN_BOOL_CONVERSION = YES;
				CLANG_WARN_CONSTANT_CONVERSION = YES;
				CLANG_WARN_DIRECT_OBJC_ISA_USAGE = YES_ERROR;
				CLANG_WARN_DOCUMENTATION_COMMENTS = YES;
				CLANG_WARN_EMPTY_BODY = YES;
				CLANG_WARN_ENUM_CONVERSION = YES;
				CLANG_WARN_INFINITE_RECURSION = YES;
				CLANG_WARN_INT_CONVERSION = YES;
				CLANG_WARN_OBJC_ROOT_CLASS = YES_ERROR;
				CLANG_WARN_SUSPICIOUS_MOVE = YES;
				CLANG_WARN_UNREACHABLE_CODE = YES;
				CLANG_WARN__DUPLICATE_METHOD_MATCH = YES;
				"CODE_SIGN_IDENTITY[sdk=iphoneos*]" = "iPhone Developer";
				COPY_PHASE_STRIP = NO;
				DEBUG_INFORMATION_FORMAT = "dwarf-with-dsym";
				ENABLE_NS_ASSERTIONS = NO;
				ENABLE_STRICT_OBJC_MSGSEND = YES;
				GCC_C_LANGUAGE_STANDARD = gnu99;
				GCC_NO_COMMON_BLOCKS = YES;
				GCC_WARN_64_TO_32_BIT_CONVERSION = YES;
				GCC_WARN_ABOUT_RETURN_TYPE = YES_ERROR;
				GCC_WARN_UNDECLARED_SELECTOR = YES;
				GCC_WARN_UNINITIALIZED_AUTOS = YES_AGGRESSIVE;
				GCC_WARN_UNUSED_FUNCTION = YES;
				GCC_WARN_UNUSED_VARIABLE = YES;
				IPHONEOS_DEPLOYMENT_TARGET = 10.2;
				MTL_ENABLE_DEBUG_INFO = NO;
				SDKROOT = iphoneos;
				SWIFT_OPTIMIZATION_LEVEL = "-Owholemodule";
				TARGETED_DEVICE_FAMILY = "1,2";
				VALIDATE_PRODUCT = YES;
			};
			name = Release;
		};
		5866146D1F5C73F20026E961 /* Debug */ = {
			isa = XCBuildConfiguration;
			baseConfigurationReference = 1FD4398B3640633B92795478 /* Pods-ReignDesignApp.debug.xcconfig */;
			buildSettings = {
				ASSETCATALOG_COMPILER_APPICON_NAME = AppIcon;
				DEVELOPMENT_TEAM = SSVR943U99;
				INFOPLIST_FILE = ReignDesignApp/Info.plist;
				IPHONEOS_DEPLOYMENT_TARGET = 9.0;
				LD_RUNPATH_SEARCH_PATHS = "$(inherited) @executable_path/Frameworks";
				PRODUCT_BUNDLE_IDENTIFIER = com.IsraelGutierrez.ReignDesignApp;
				PRODUCT_NAME = "$(TARGET_NAME)";
				SWIFT_VERSION = 3.0;
			};
			name = Debug;
		};
		5866146E1F5C73F20026E961 /* Release */ = {
			isa = XCBuildConfiguration;
			baseConfigurationReference = C0307C34D18401C560E20EA3 /* Pods-ReignDesignApp.release.xcconfig */;
			buildSettings = {
				ASSETCATALOG_COMPILER_APPICON_NAME = AppIcon;
				DEVELOPMENT_TEAM = SSVR943U99;
				INFOPLIST_FILE = ReignDesignApp/Info.plist;
				IPHONEOS_DEPLOYMENT_TARGET = 9.0;
				LD_RUNPATH_SEARCH_PATHS = "$(inherited) @executable_path/Frameworks";
				PRODUCT_BUNDLE_IDENTIFIER = com.IsraelGutierrez.ReignDesignApp;
				PRODUCT_NAME = "$(TARGET_NAME)";
				SWIFT_VERSION = 3.0;
			};
			name = Release;
		};
/* End XCBuildConfiguration section */

/* Begin XCConfigurationList section */
		586614521F5C73F20026E961 /* Build configuration list for PBXProject "ReignDesignApp" */ = {
			isa = XCConfigurationList;
			buildConfigurations = (
				5866146A1F5C73F20026E961 /* Debug */,
				5866146B1F5C73F20026E961 /* Release */,
			);
			defaultConfigurationIsVisible = 0;
			defaultConfigurationName = Release;
		};
		5866146C1F5C73F20026E961 /* Build configuration list for PBXNativeTarget "ReignDesignApp" */ = {
			isa = XCConfigurationList;
			buildConfigurations = (
				5866146D1F5C73F20026E961 /* Debug */,
				5866146E1F5C73F20026E961 /* Release */,
			);
			defaultConfigurationIsVisible = 0;
			defaultConfigurationName = Release;
		};
/* End XCConfigurationList section */

/* Begin XCVersionGroup section */
		586614611F5C73F20026E961 /* ReignDesignApp.xcdatamodeld */ = {
			isa = XCVersionGroup;
			children = (
				586614621F5C73F20026E961 /* ReignDesignApp.xcdatamodel */,
			);
			currentVersion = 586614621F5C73F20026E961 /* ReignDesignApp.xcdatamodel */;
			path = ReignDesignApp.xcdatamodeld;
			sourceTree = "<group>";
			versionGroupType = wrapper.xcdatamodel;
		};
/* End XCVersionGroup section */
	};
	rootObject = 5866144F1F5C73F20026E961 /* Project object */;
}
